
Microsoft Visual Studio Solution File, Format Version 12.00
# Visual Studio Version 17
VisualStudioVersion = 17.0.31903.59
MinimumVisualStudioVersion = 10.0.40219.1
Project("{9A19103F-16F7-4668-BE54-9A1E7A4F7556}") = "Basket.Service", "Basket.Service\Basket.Service.csproj", "{C97E9411-F755-48E5-BD8F-B3DD5E7EB2C4}"
EndProject
Project("{2150E333-8FDC-42A3-9474-1A3956D46DE8}") = "Solution Items", "Solution Items", "{7D6D01C8-7CE2-41F7-89F3-8E52D29604C2}"
	ProjectSection(SolutionItems) = preProject
		nuget.config = nuget.config
	EndProjectSection
EndProject
Project("{FAE04EC0-301F-11D3-BF4B-00C04F79EFBC}") = "Basket.Test", "Basket.Test\Basket.Test.csproj", "{7152CBEC-04C7-4390-8C6E-973C797E9F01}"
EndProject
Global
	GlobalSection(SolutionConfigurationPlatforms) = preSolution
		Debug|Any CPU = Debug|Any CPU
		Release|Any CPU = Release|Any CPU
	EndGlobalSection
	GlobalSection(ProjectConfigurationPlatforms) = postSolution
		{C97E9411-F755-48E5-BD8F-B3DD5E7EB2C4}.Debug|Any CPU.ActiveCfg = Debug|Any CPU
		{C97E9411-F755-48E5-BD8F-B3DD5E7EB2C4}.Debug|Any CPU.Build.0 = Debug|Any CPU
		{C97E9411-F755-48E5-BD8F-B3DD5E7EB2C4}.Release|Any CPU.ActiveCfg = Release|Any CPU
		{C97E9411-F755-48E5-BD8F-B3DD5E7EB2C4}.Release|Any CPU.Build.0 = Release|Any CPU
		{7152CBEC-04C7-4390-8C6E-973C797E9F01}.Debug|Any CPU.ActiveCfg = Debug|Any CPU
		{7152CBEC-04C7-4390-8C6E-973C797E9F01}.Debug|Any CPU.Build.0 = Debug|Any CPU
		{7152CBEC-04C7-4390-8C6E-973C797E9F01}.Release|Any CPU.ActiveCfg = Release|Any CPU
		{7152CBEC-04C7-4390-8C6E-973C797E9F01}.Release|Any CPU.Build.0 = Release|Any CPU
	EndGlobalSection
	GlobalSection(SolutionProperties) = preSolution
		HideSolutionNode = FALSE
	EndGlobalSection
	GlobalSection(ExtensibilityGlobals) = postSolution
		SolutionGuid = {8E2820AC-31F7-4E6C-9C1F-B3421AF45A22}
	EndGlobalSection
EndGlobal
